
Microsoft Visual Studio Solution File, Format Version 12.00
# Visual Studio Version 16
VisualStudioVersion = 16.0.30114.105
MinimumVisualStudioVersion = 10.0.40219.1
Project("{FAE04EC0-301F-11D3-BF4B-00C04F79EFBC}") = "API", "API\API.csproj", "{3E5FD677-854E-48EE-8A43-4CFB25FEC3B3}"
EndProject
Project("{FAE04EC0-301F-11D3-BF4B-00C04F79EFBC}") = "Core", "Core\Core.csproj", "{8645C3E9-5894-4F56-A548-6CD1673199E5}"
EndProject
Project("{FAE04EC0-301F-11D3-BF4B-00C04F79EFBC}") = "Infrastructure", "Infrastructure\Infrastructure.csproj", "{31768BAE-9FB4-4A5B-8188-4B1C4B181F39}"
EndProject
Global
	GlobalSection(SolutionConfigurationPlatforms) = preSolution
		Debug|Any CPU = Debug|Any CPU
		Release|Any CPU = Release|Any CPU
	EndGlobalSection
	GlobalSection(SolutionProperties) = preSolution
		HideSolutionNode = FALSE
	EndGlobalSection
	GlobalSection(ProjectConfigurationPlatforms) = postSolution
		{3E5FD677-854E-48EE-8A43-4CFB25FEC3B3}.Debug|Any CPU.ActiveCfg = Debug|Any CPU
		{3E5FD677-854E-48EE-8A43-4CFB25FEC3B3}.Debug|Any CPU.Build.0 = Debug|Any CPU
		{3E5FD677-854E-48EE-8A43-4CFB25FEC3B3}.Release|Any CPU.ActiveCfg = Release|Any CPU
		{3E5FD677-854E-48EE-8A43-4CFB25FEC3B3}.Release|Any CPU.Build.0 = Release|Any CPU
		{8645C3E9-5894-4F56-A548-6CD1673199E5}.Debug|Any CPU.ActiveCfg = Debug|Any CPU
		{8645C3E9-5894-4F56-A548-6CD1673199E5}.Debug|Any CPU.Build.0 = Debug|Any CPU
		{8645C3E9-5894-4F56-A548-6CD1673199E5}.Release|Any CPU.ActiveCfg = Release|Any CPU
		{8645C3E9-5894-4F56-A548-6CD1673199E5}.Release|Any CPU.Build.0 = Release|Any CPU
		{31768BAE-9FB4-4A5B-8188-4B1C4B181F39}.Debug|Any CPU.ActiveCfg = Debug|Any CPU
		{31768BAE-9FB4-4A5B-8188-4B1C4B181F39}.Debug|Any CPU.Build.0 = Debug|Any CPU
		{31768BAE-9FB4-4A5B-8188-4B1C4B181F39}.Release|Any CPU.ActiveCfg = Release|Any CPU
		{31768BAE-9FB4-4A5B-8188-4B1C4B181F39}.Release|Any CPU.Build.0 = Release|Any CPU
	EndGlobalSection
EndGlobal
